
Microsoft Visual Studio Solution File, Format Version 12.00
# Visual Studio Version 16
VisualStudioVersion = 16.0.29215.179
MinimumVisualStudioVersion = 10.0.40219.1
Project("{FAE04EC0-301F-11D3-BF4B-00C04F79EFBC}") = "taller_punto2", "taller_punto2.csproj", "{031FB75C-5458-4D6B-B2EB-5FFF5BBA85C6}"
EndProject
Global
	GlobalSection(SolutionConfigurationPlatforms) = preSolution
		Debug|Any CPU = Debug|Any CPU
		Release|Any CPU = Release|Any CPU
	EndGlobalSection
	GlobalSection(ProjectConfigurationPlatforms) = postSolution
		{031FB75C-5458-4D6B-B2EB-5FFF5BBA85C6}.Debug|Any CPU.ActiveCfg = Debug|Any CPU
		{031FB75C-5458-4D6B-B2EB-5FFF5BBA85C6}.Debug|Any CPU.Build.0 = Debug|Any CPU
		{031FB75C-5458-4D6B-B2EB-5FFF5BBA85C6}.Release|Any CPU.ActiveCfg = Release|Any CPU
		{031FB75C-5458-4D6B-B2EB-5FFF5BBA85C6}.Release|Any CPU.Build.0 = Release|Any CPU
	EndGlobalSection
	GlobalSection(SolutionProperties) = preSolution
		HideSolutionNode = FALSE
	EndGlobalSection
	GlobalSection(ExtensibilityGlobals) = postSolution
		SolutionGuid = {F1D11A5A-E35C-4A96-9899-1FC8F8AADC73}
	EndGlobalSection
EndGlobal
